{
  "name": "simple-emoji-captcha",
  "version": "1.0.0",
  "lockfileVersion": 2,
  "requires": true,
  "packages": {
    "": {
      "version": "1.0.0",
      "license": "ISC",
      "dependencies": {
        "@supercharge/strings": "^1.22.0"
      },
      "devDependencies": {
        "typescript": "^4.4.4"
      }
    },
    "node_modules/@supercharge/strings": {
      "version": "1.22.0",
      "resolved": "https://registry.npmjs.org/@supercharge/strings/-/strings-1.22.0.tgz",
      "integrity": "sha512-3htlJ/WbD0+tP7l1oWSkQjFajr6CP22JBvgawAulUXakIw51vHbtW6AauFxDtPcyEhx3z8gomkLjz2waA/061w==",
      "dependencies": {
        "uuid": "~8.3.2"
      }
    },
    "node_modules/typescript": {
      "version": "4.4.4",
      "resolved": "https://registry.npmjs.org/typescript/-/typescript-4.4.4.tgz",
      "integrity": "sha512-DqGhF5IKoBl8WNf8C1gu8q0xZSInh9j1kJJMqT3a94w1JzVaBU4EXOSMrz9yDqMT0xt3selp83fuFMQ0uzv6qA==",
      "dev": true,
      "bin": {
        "tsc": "bin/tsc",
        "tsserver": "bin/tsserver"
      },
      "engines": {
        "node": ">=4.2.0"
      }
    },
    "node_modules/uuid": {
      "version": "8.3.2",
      "resolved": "https://registry.npmjs.org/uuid/-/uuid-8.3.2.tgz",
      "integrity": "sha512-+NYs2QeMWy+GWFOEm9xnn6HCDp0l7QBD7ml8zLUmJ+93Q5NF0NocErnwkTkXVFNiX3/fpC6afS8Dhb/gz7R7eg==",
      "bin": {
        "uuid": "dist/bin/uuid"
      }
    }
  },
  "dependencies": {
    "@supercharge/strings": {
      "version": "1.22.0",
      "resolved": "https://registry.npmjs.org/@supercharge/strings/-/strings-1.22.0.tgz",
      "integrity": "sha512-3htlJ/WbD0+tP7l1oWSkQjFajr6CP22JBvgawAulUXakIw51vHbtW6AauFxDtPcyEhx3z8gomkLjz2waA/061w==",
      "requires": {
        "uuid": "~8.3.2"
      }
    },
    "typescript": {
      "version": "4.4.4",
      "resolved": "https://registry.npmjs.org/typescript/-/typescript-4.4.4.tgz",
      "integrity": "sha512-DqGhF5IKoBl8WNf8C1gu8q0xZSInh9j1kJJMqT3a94w1JzVaBU4EXOSMrz9yDqMT0xt3selp83fuFMQ0uzv6qA==",
      "dev": true
    },
    "uuid": {
      "version": "8.3.2",
      "resolved": "https://registry.npmjs.org/uuid/-/uuid-8.3.2.tgz",
      "integrity": "sha512-+NYs2QeMWy+GWFOEm9xnn6HCDp0l7QBD7ml8zLUmJ+93Q5NF0NocErnwkTkXVFNiX3/fpC6afS8Dhb/gz7R7eg=="
    }
  }
}
